// !$*UTF8*$!
{
	archiveVersion = 1;
	classes = {
	};
	objectVersion = 46;
	objects = {

/* Begin PBXBuildFile section */
		1FA86A7E197566C3DA03714C /* libPods-TargetEditor.a in Frameworks */ = {isa = PBXBuildFile; fileRef = B699CAB5A96183C3E69A4AEA /* libPods-TargetEditor.a */; };
		3810375A1C5ED01300310075 /* main.m in Sources */ = {isa = PBXBuildFile; fileRef = 3851DB361C5E0FE5007F0BFA /* main.m */; };
		386AE9DA1C5ECFA500A145DD /* TargetEditor.m in Sources */ = {isa = PBXBuildFile; fileRef = 380C48D31C5E110000AC1F3F /* TargetEditor.m */; };
		EC1A79F71C675FE90054799C /* ProvisioningProfileBean.m in Sources */ = {isa = PBXBuildFile; fileRef = EC1A79F61C675FE90054799C /* ProvisioningProfileBean.m */; };
/* End PBXBuildFile section */

/* Begin PBXCopyFilesBuildPhase section */
		3851DB311C5E0FE5007F0BFA /* CopyFiles */ = {
			isa = PBXCopyFilesBuildPhase;
			buildActionMask = 2147483647;
			dstPath = /usr/share/man/man1/;
			dstSubfolderSpec = 0;
			files = (
			);
			runOnlyForDeploymentPostprocessing = 1;
		};
/* End PBXCopyFilesBuildPhase section */

/* Begin PBXFileReference section */
		380C48D21C5E110000AC1F3F /* TargetEditor.h */ = {isa = PBXFileReference; fileEncoding = 4; lastKnownFileType = sourcecode.c.h; path = TargetEditor.h; sourceTree = "<group>"; };
		380C48D31C5E110000AC1F3F /* TargetEditor.m */ = {isa = PBXFileReference; fileEncoding = 4; lastKnownFileType = sourcecode.c.objc; path = TargetEditor.m; sourceTree = "<group>"; };
		3851DB331C5E0FE5007F0BFA /* TargetEditor */ = {isa = PBXFileReference; explicitFileType = "compiled.mach-o.executable"; includeInIndex = 0; path = TargetEditor; sourceTree = BUILT_PRODUCTS_DIR; };
		3851DB361C5E0FE5007F0BFA /* main.m */ = {isa = PBXFileReference; lastKnownFileType = sourcecode.c.objc; path = main.m; sourceTree = "<group>"; };
		663859365E755665BDF072E5 /* Pods-TargetEditor.release.xcconfig */ = {isa = PBXFileReference; includeInIndex = 1; lastKnownFileType = text.xcconfig; name = "Pods-TargetEditor.release.xcconfig"; path = "Pods/Target Support Files/Pods-TargetEditor/Pods-TargetEditor.release.xcconfig"; sourceTree = "<group>"; };
		B699CAB5A96183C3E69A4AEA /* libPods-TargetEditor.a */ = {isa = PBXFileReference; explicitFileType = archive.ar; includeInIndex = 0; path = "libPods-TargetEditor.a"; sourceTree = BUILT_PRODUCTS_DIR; };
		EC1A79F51C675FE90054799C /* ProvisioningProfileBean.h */ = {isa = PBXFileReference; fileEncoding = 4; lastKnownFileType = sourcecode.c.h; path = ProvisioningProfileBean.h; sourceTree = "<group>"; };
		EC1A79F61C675FE90054799C /* ProvisioningProfileBean.m */ = {isa = PBXFileReference; fileEncoding = 4; lastKnownFileType = sourcecode.c.objc; path = ProvisioningProfileBean.m; sourceTree = "<group>"; };
		F6E6D96A0455D1C3EC389935 /* Pods-TargetEditor.debug.xcconfig */ = {isa = PBXFileReference; includeInIndex = 1; lastKnownFileType = text.xcconfig; name = "Pods-TargetEditor.debug.xcconfig"; path = "Pods/Target Support Files/Pods-TargetEditor/Pods-TargetEditor.debug.xcconfig"; sourceTree = "<group>"; };
/* End PBXFileReference section */

/* Begin PBXFrameworksBuildPhase section */
		3851DB301C5E0FE5007F0BFA /* Frameworks */ = {
			isa = PBXFrameworksBuildPhase;
			buildActionMask = 2147483647;
			files = (
				1FA86A7E197566C3DA03714C /* libPods-TargetEditor.a in Frameworks */,
			);
			runOnlyForDeploymentPostprocessing = 0;
		};
/* End PBXFrameworksBuildPhase section */

/* Begin PBXGroup section */
		3851DB2A1C5E0FE5007F0BFA = {
			isa = PBXGroup;
			children = (
				3851DB351C5E0FE5007F0BFA /* TargetEditor */,
				3851DB341C5E0FE5007F0BFA /* Products */,
				50D48AF8322B23D5B61F54AF /* Pods */,
				C8C59041B0C43F667675BE1E /* Frameworks */,
			);
			sourceTree = "<group>";
		};
		3851DB341C5E0FE5007F0BFA /* Products */ = {
			isa = PBXGroup;
			children = (
				3851DB331C5E0FE5007F0BFA /* TargetEditor */,
			);
			name = Products;
			sourceTree = "<group>";
		};
		3851DB351C5E0FE5007F0BFA /* TargetEditor */ = {
			isa = PBXGroup;
			children = (
				EC1A79F51C675FE90054799C /* ProvisioningProfileBean.h */,
				EC1A79F61C675FE90054799C /* ProvisioningProfileBean.m */,
				3851DB361C5E0FE5007F0BFA /* main.m */,
				380C48D21C5E110000AC1F3F /* TargetEditor.h */,
				380C48D31C5E110000AC1F3F /* TargetEditor.m */,
			);
			path = TargetEditor;
			sourceTree = "<group>";
		};
		50D48AF8322B23D5B61F54AF /* Pods */ = {
			isa = PBXGroup;
			children = (
				F6E6D96A0455D1C3EC389935 /* Pods-TargetEditor.debug.xcconfig */,
				663859365E755665BDF072E5 /* Pods-TargetEditor.release.xcconfig */,
			);
			name = Pods;
			sourceTree = "<group>";
		};
		C8C59041B0C43F667675BE1E /* Frameworks */ = {
			isa = PBXGroup;
			children = (
				B699CAB5A96183C3E69A4AEA /* libPods-TargetEditor.a */,
			);
			name = Frameworks;
			sourceTree = "<group>";
		};
/* End PBXGroup section */

/* Begin PBXNativeTarget section */
		3851DB321C5E0FE5007F0BFA /* TargetEditor */ = {
			isa = PBXNativeTarget;
			buildConfigurationList = 3851DB3A1C5E0FE5007F0BFA /* Build configuration list for PBXNativeTarget "TargetEditor" */;
			buildPhases = (
				31D5FE49C48AE8B10A5F33B5 /* [CP] Check Pods Manifest.lock */,
				3851DB2F1C5E0FE5007F0BFA /* Sources */,
				3851DB301C5E0FE5007F0BFA /* Frameworks */,
				3851DB311C5E0FE5007F0BFA /* CopyFiles */,
				C26E3E79C284606568AE7EAF /* [CP] Copy Pods Resources */,
			);
			buildRules = (
			);
			dependencies = (
			);
			name = TargetEditor;
			productName = NewTarget;
			productReference = 3851DB331C5E0FE5007F0BFA /* TargetEditor */;
			productType = "com.apple.product-type.tool";
		};
/* End PBXNativeTarget section */

/* Begin PBXProject section */
		3851DB2B1C5E0FE5007F0BFA /* Project object */ = {
			isa = PBXProject;
			attributes = {
				LastUpgradeCheck = 0720;
				ORGANIZATIONNAME = "Pavel Yankelevich";
				TargetAttributes = {
					3851DB321C5E0FE5007F0BFA = {
						CreatedOnToolsVersion = 7.2;
					};
				};
			};
			buildConfigurationList = 3851DB2E1C5E0FE5007F0BFA /* Build configuration list for PBXProject "TargetEditor" */;
			compatibilityVersion = "Xcode 3.2";
			developmentRegion = English;
			hasScannedForEncodings = 0;
			knownRegions = (
				en,
			);
			mainGroup = 3851DB2A1C5E0FE5007F0BFA;
			productRefGroup = 3851DB341C5E0FE5007F0BFA /* Products */;
			projectDirPath = "";
			projectRoot = "";
			targets = (
				3851DB321C5E0FE5007F0BFA /* TargetEditor */,
			);
		};
/* End PBXProject section */

/* Begin PBXShellScriptBuildPhase section */
		31D5FE49C48AE8B10A5F33B5 /* [CP] Check Pods Manifest.lock */ = {
			isa = PBXShellScriptBuildPhase;
			buildActionMask = 2147483647;
			files = (
			);
			inputPaths = (
			);
			name = "[CP] Check Pods Manifest.lock";
			outputPaths = (
			);
			runOnlyForDeploymentPostprocessing = 0;
			shellPath = /bin/sh;
			shellScript = "diff \"${PODS_ROOT}/../Podfile.lock\" \"${PODS_ROOT}/Manifest.lock\" > /dev/null\nif [[ $? != 0 ]] ; then\n    cat << EOM\nerror: The sandbox is not in sync with the Podfile.lock. Run 'pod install' or update your CocoaPods installation.\nEOM\n    exit 1\nfi\n";
			showEnvVarsInLog = 0;
		};
		C26E3E79C284606568AE7EAF /* [CP] Copy Pods Resources */ = {
			isa = PBXShellScriptBuildPhase;
			buildActionMask = 2147483647;
			files = (
			);
			inputPaths = (
			);
			name = "[CP] Copy Pods Resources";
			outputPaths = (
			);
			runOnlyForDeploymentPostprocessing = 0;
			shellPath = /bin/sh;
			shellScript = "\"${SRCROOT}/Pods/Target Support Files/Pods-TargetEditor/Pods-TargetEditor-resources.sh\"\n";
			showEnvVarsInLog = 0;
		};
/* End PBXShellScriptBuildPhase section */

/* Begin PBXSourcesBuildPhase section */
		3851DB2F1C5E0FE5007F0BFA /* Sources */ = {
			isa = PBXSourcesBuildPhase;
			buildActionMask = 2147483647;
			files = (
				EC1A79F71C675FE90054799C /* ProvisioningProfileBean.m in Sources */,
				3810375A1C5ED01300310075 /* main.m in Sources */,
				386AE9DA1C5ECFA500A145DD /* TargetEditor.m in Sources */,
			);
			runOnlyForDeploymentPostprocessing = 0;
		};
/* End PBXSourcesBuildPhase section */

/* Begin XCBuildConfiguration section */
		3851DB381C5E0FE5007F0BFA /* Debug */ = {
			isa = XCBuildConfiguration;
			buildSettings = {
				ALWAYS_SEARCH_USER_PATHS = NO;
				CLANG_CXX_LANGUAGE_STANDARD = "gnu++0x";
				CLANG_CXX_LIBRARY = "libc++";
				CLANG_ENABLE_MODULES = YES;
				CLANG_ENABLE_OBJC_ARC = YES;
				CLANG_WARN_BOOL_CONVERSION = YES;
				CLANG_WARN_CONSTANT_CONVERSION = YES;
				CLANG_WARN_DIRECT_OBJC_ISA_USAGE = YES_ERROR;
				CLANG_WARN_EMPTY_BODY = YES;
				CLANG_WARN_ENUM_CONVERSION = YES;
				CLANG_WARN_INT_CONVERSION = YES;
				CLANG_WARN_OBJC_ROOT_CLASS = YES_ERROR;
				CLANG_WARN_UNREACHABLE_CODE = YES;
				CLANG_WARN__DUPLICATE_METHOD_MATCH = YES;
				CODE_SIGN_IDENTITY = "-";
				COPY_PHASE_STRIP = NO;
				DEBUG_INFORMATION_FORMAT = dwarf;
				ENABLE_STRICT_OBJC_MSGSEND = YES;
				ENABLE_TESTABILITY = YES;
				GCC_C_LANGUAGE_STANDARD = gnu99;
				GCC_DYNAMIC_NO_PIC = NO;
				GCC_NO_COMMON_BLOCKS = YES;
				GCC_OPTIMIZATION_LEVEL = 0;
				GCC_PREPROCESSOR_DEFINITIONS = (
					"DEBUG=1",
					"$(inherited)",
				);
				GCC_WARN_64_TO_32_BIT_CONVERSION = YES;
				GCC_WARN_ABOUT_RETURN_TYPE = YES_ERROR;
				GCC_WARN_UNDECLARED_SELECTOR = YES;
				GCC_WARN_UNINITIALIZED_AUTOS = YES_AGGRESSIVE;
				GCC_WARN_UNUSED_FUNCTION = YES;
				GCC_WARN_UNUSED_VARIABLE = YES;
				MACOSX_DEPLOYMENT_TARGET = 10.11;
				MTL_ENABLE_DEBUG_INFO = YES;
				ONLY_ACTIVE_ARCH = YES;
				SDKROOT = macosx;
			};
			name = Debug;
		};
		3851DB391C5E0FE5007F0BFA /* Release */ = {
			isa = XCBuildConfiguration;
			buildSettings = {
				ALWAYS_SEARCH_USER_PATHS = NO;
				CLANG_CXX_LANGUAGE_STANDARD = "gnu++0x";
				CLANG_CXX_LIBRARY = "libc++";
				CLANG_ENABLE_MODULES = YES;
				CLANG_ENABLE_OBJC_ARC = YES;
				CLANG_WARN_BOOL_CONVERSION = YES;
				CLANG_WARN_CONSTANT_CONVERSION = YES;
				CLANG_WARN_DIRECT_OBJC_ISA_USAGE = YES_ERROR;
				CLANG_WARN_EMPTY_BODY = YES;
				CLANG_WARN_ENUM_CONVERSION = YES;
				CLANG_WARN_INT_CONVERSION = YES;
				CLANG_WARN_OBJC_ROOT_CLASS = YES_ERROR;
				CLANG_WARN_UNREACHABLE_CODE = YES;
				CLANG_WARN__DUPLICATE_METHOD_MATCH = YES;
				CODE_SIGN_IDENTITY = "-";
				COPY_PHASE_STRIP = NO;
				DEBUG_INFORMATION_FORMAT = "dwarf-with-dsym";
				ENABLE_NS_ASSERTIONS = NO;
				ENABLE_STRICT_OBJC_MSGSEND = YES;
				GCC_C_LANGUAGE_STANDARD = gnu99;
				GCC_NO_COMMON_BLOCKS = YES;
				GCC_WARN_64_TO_32_BIT_CONVERSION = YES;
				GCC_WARN_ABOUT_RETURN_TYPE = YES_ERROR;
				GCC_WARN_UNDECLARED_SELECTOR = YES;
				GCC_WARN_UNINITIALIZED_AUTOS = YES_AGGRESSIVE;
				GCC_WARN_UNUSED_FUNCTION = YES;
				GCC_WARN_UNUSED_VARIABLE = YES;
				MACOSX_DEPLOYMENT_TARGET = 10.11;
				MTL_ENABLE_DEBUG_INFO = NO;
				SDKROOT = macosx;
			};
			name = Release;
		};
		3851DB3B1C5E0FE5007F0BFA /* Debug */ = {
			isa = XCBuildConfiguration;
			baseConfigurationReference = F6E6D96A0455D1C3EC389935 /* Pods-TargetEditor.debug.xcconfig */;
			buildSettings = {
				PRODUCT_NAME = TargetEditor;
			};
			name = Debug;
		};
		3851DB3C1C5E0FE5007F0BFA /* Release */ = {
			isa = XCBuildConfiguration;
			baseConfigurationReference = 663859365E755665BDF072E5 /* Pods-TargetEditor.release.xcconfig */;
			buildSettings = {
				PRODUCT_NAME = TargetEditor;
			};
			name = Release;
		};
/* End XCBuildConfiguration section */

/* Begin XCConfigurationList section */
		3851DB2E1C5E0FE5007F0BFA /* Build configuration list for PBXProject "TargetEditor" */ = {
			isa = XCConfigurationList;
			buildConfigurations = (
				3851DB381C5E0FE5007F0BFA /* Debug */,
				3851DB391C5E0FE5007F0BFA /* Release */,
			);
			defaultConfigurationIsVisible = 0;
			defaultConfigurationName = Release;
		};
		3851DB3A1C5E0FE5007F0BFA /* Build configuration list for PBXNativeTarget "TargetEditor" */ = {
			isa = XCConfigurationList;
			buildConfigurations = (
				3851DB3B1C5E0FE5007F0BFA /* Debug */,
				3851DB3C1C5E0FE5007F0BFA /* Release */,
			);
			defaultConfigurationIsVisible = 0;
			defaultConfigurationName = Release;
		};
/* End XCConfigurationList section */
	};
	rootObject = 3851DB2B1C5E0FE5007F0BFA /* Project object */;
}
