// !$*UTF8*$!
{
	archiveVersion = 1;
	classes = {
	};
	objectVersion = 46;
	objects = {

/* Begin PBXBuildFile section */
		3855BDA81C5E2C7C00E2992C /* shutdown.png in Resources */ = {isa = PBXBuildFile; fileRef = 3855BDA21C5E2B8B00E2992C /* shutdown.png */; };
		ADD62019AF32150DE092ACEF /* libPods.a in Frameworks */ = {isa = PBXBuildFile; fileRef = 416E1CF2E80ECF510E8D4514 /* libPods.a */; };
		EC4561A81BC90F3D0070B0CC /* app-120.png in Resources */ = {isa = PBXBuildFile; fileRef = EC4561A51BC90F3D0070B0CC /* app-120.png */; };
		EC4561A91BC90F3D0070B0CC /* app.png in Resources */ = {isa = PBXBuildFile; fileRef = EC4561A61BC90F3D0070B0CC /* app.png */; };
		EC4561AA1BC90F3D0070B0CC /* app@2x.png in Resources */ = {isa = PBXBuildFile; fileRef = EC4561A71BC90F3D0070B0CC /* app@2x.png */; };
		EC4561BF1BC91C6F0070B0CC /* Default-568h.png in Resources */ = {isa = PBXBuildFile; fileRef = EC4561BE1BC91C6F0070B0CC /* Default-568h.png */; };
		EC55F1F81BA98B5D006C987C /* main.m in Sources */ = {isa = PBXBuildFile; fileRef = EC55F1F71BA98B5D006C987C /* main.m */; };
		EC55F1FB1BA98B5D006C987C /* AppDelegate.m in Sources */ = {isa = PBXBuildFile; fileRef = EC55F1FA1BA98B5D006C987C /* AppDelegate.m */; };
		EC55F1FE1BA98B5D006C987C /* ViewController.m in Sources */ = {isa = PBXBuildFile; fileRef = EC55F1FD1BA98B5D006C987C /* ViewController.m */; };
		EC55F2011BA98B5D006C987C /* Main.storyboard in Resources */ = {isa = PBXBuildFile; fileRef = EC55F1FF1BA98B5D006C987C /* Main.storyboard */; };
		EC55F2061BA98B5D006C987C /* LaunchScreen.xib in Resources */ = {isa = PBXBuildFile; fileRef = EC55F2041BA98B5D006C987C /* LaunchScreen.xib */; };
/* End PBXBuildFile section */

/* Begin PBXFileReference section */
		3855BDA21C5E2B8B00E2992C /* shutdown.png */ = {isa = PBXFileReference; lastKnownFileType = image.png; path = shutdown.png; sourceTree = "<group>"; };
		416E1CF2E80ECF510E8D4514 /* libPods.a */ = {isa = PBXFileReference; explicitFileType = archive.ar; includeInIndex = 0; path = libPods.a; sourceTree = BUILT_PRODUCTS_DIR; };
		94B124F8F69F2A22737CB121 /* Pods.debug.xcconfig */ = {isa = PBXFileReference; includeInIndex = 1; lastKnownFileType = text.xcconfig; name = Pods.debug.xcconfig; path = "Pods/Target Support Files/Pods/Pods.debug.xcconfig"; sourceTree = "<group>"; };
		CF15EB93E4252FF570A3A0B0 /* Pods.release.xcconfig */ = {isa = PBXFileReference; includeInIndex = 1; lastKnownFileType = text.xcconfig; name = Pods.release.xcconfig; path = "Pods/Target Support Files/Pods/Pods.release.xcconfig"; sourceTree = "<group>"; };
		EC4561A51BC90F3D0070B0CC /* app-120.png */ = {isa = PBXFileReference; lastKnownFileType = image.png; path = "app-120.png"; sourceTree = "<group>"; };
		EC4561A61BC90F3D0070B0CC /* app.png */ = {isa = PBXFileReference; lastKnownFileType = image.png; path = app.png; sourceTree = "<group>"; };
		EC4561A71BC90F3D0070B0CC /* app@2x.png */ = {isa = PBXFileReference; lastKnownFileType = image.png; path = "app@2x.png"; sourceTree = "<group>"; };
		EC4561BE1BC91C6F0070B0CC /* Default-568h.png */ = {isa = PBXFileReference; lastKnownFileType = image.png; path = "Default-568h.png"; sourceTree = "<group>"; };
		EC55F1F21BA98B5D006C987C /* Test1.app */ = {isa = PBXFileReference; explicitFileType = wrapper.application; includeInIndex = 0; name = Test1.app; path = "New Target.app"; sourceTree = BUILT_PRODUCTS_DIR; };
		EC55F1F61BA98B5D006C987C /* PublishingTestApp.plist */ = {isa = PBXFileReference; lastKnownFileType = text.plist.xml; path = PublishingTestApp.plist; sourceTree = "<group>"; };
		EC55F1F71BA98B5D006C987C /* main.m */ = {isa = PBXFileReference; lastKnownFileType = sourcecode.c.objc; path = main.m; sourceTree = "<group>"; };
		EC55F1F91BA98B5D006C987C /* AppDelegate.h */ = {isa = PBXFileReference; lastKnownFileType = sourcecode.c.h; path = AppDelegate.h; sourceTree = "<group>"; };
		EC55F1FA1BA98B5D006C987C /* AppDelegate.m */ = {isa = PBXFileReference; lastKnownFileType = sourcecode.c.objc; path = AppDelegate.m; sourceTree = "<group>"; };
		EC55F1FC1BA98B5D006C987C /* ViewController.h */ = {isa = PBXFileReference; lastKnownFileType = sourcecode.c.h; path = ViewController.h; sourceTree = "<group>"; };
		EC55F1FD1BA98B5D006C987C /* ViewController.m */ = {isa = PBXFileReference; lastKnownFileType = sourcecode.c.objc; path = ViewController.m; sourceTree = "<group>"; };
		EC55F2001BA98B5D006C987C /* Base */ = {isa = PBXFileReference; lastKnownFileType = file.storyboard; name = Base; path = Base.lproj/Main.storyboard; sourceTree = "<group>"; };
		EC55F2051BA98B5D006C987C /* Base */ = {isa = PBXFileReference; lastKnownFileType = file.xib; name = Base; path = Base.lproj/LaunchScreen.xib; sourceTree = "<group>"; };
/* End PBXFileReference section */

/* Begin PBXFrameworksBuildPhase section */
		EC55F1EF1BA98B5D006C987C /* Frameworks */ = {
			isa = PBXFrameworksBuildPhase;
			buildActionMask = 2147483647;
			files = (
				ADD62019AF32150DE092ACEF /* libPods.a in Frameworks */,
			);
			runOnlyForDeploymentPostprocessing = 0;
		};
/* End PBXFrameworksBuildPhase section */

/* Begin PBXGroup section */
		3855BDA11C5E2B8000E2992C /* Graphics */ = {
			isa = PBXGroup;
			children = (
				3855BDA21C5E2B8B00E2992C /* shutdown.png */,
			);
			path = Graphics;
			sourceTree = "<group>";
		};
		AE313F9DF5BB1854AFE7359A /* Pods */ = {
			isa = PBXGroup;
			children = (
				94B124F8F69F2A22737CB121 /* Pods.debug.xcconfig */,
				CF15EB93E4252FF570A3A0B0 /* Pods.release.xcconfig */,
			);
			name = Pods;
			sourceTree = "<group>";
		};
		E110858DF4C231532092B647 /* Frameworks */ = {
			isa = PBXGroup;
			children = (
				416E1CF2E80ECF510E8D4514 /* libPods.a */,
			);
			name = Frameworks;
			sourceTree = "<group>";
		};
		EC4561A41BC90DA80070B0CC /* AppIcons */ = {
			isa = PBXGroup;
			children = (
				EC4561A51BC90F3D0070B0CC /* app-120.png */,
				EC4561A61BC90F3D0070B0CC /* app.png */,
				EC4561A71BC90F3D0070B0CC /* app@2x.png */,
			);
			path = AppIcons;
			sourceTree = "<group>";
		};
		EC4561AB1BC916650070B0CC /* Splash */ = {
			isa = PBXGroup;
			children = (
				EC4561BE1BC91C6F0070B0CC /* Default-568h.png */,
			);
			path = Splash;
			sourceTree = "<group>";
		};
		EC55F1E91BA98B5D006C987C = {
			isa = PBXGroup;
			children = (
				EC55F1F41BA98B5D006C987C /* PublishingTestApp */,
				EC55F1F31BA98B5D006C987C /* Products */,
				AE313F9DF5BB1854AFE7359A /* Pods */,
				E110858DF4C231532092B647 /* Frameworks */,
			);
			sourceTree = "<group>";
		};
		EC55F1F31BA98B5D006C987C /* Products */ = {
			isa = PBXGroup;
			children = (
				EC55F1F21BA98B5D006C987C /* Test1.app */,
			);
			name = Products;
			sourceTree = "<group>";
		};
		EC55F1F41BA98B5D006C987C /* PublishingTestApp */ = {
			isa = PBXGroup;
			children = (
				3855BDA11C5E2B8000E2992C /* Graphics */,
				EC4561AB1BC916650070B0CC /* Splash */,
				EC4561A41BC90DA80070B0CC /* AppIcons */,
				EC55F1F91BA98B5D006C987C /* AppDelegate.h */,
				EC55F1FA1BA98B5D006C987C /* AppDelegate.m */,
				EC55F1FC1BA98B5D006C987C /* ViewController.h */,
				EC55F1FD1BA98B5D006C987C /* ViewController.m */,
				EC55F1FF1BA98B5D006C987C /* Main.storyboard */,
				EC55F2041BA98B5D006C987C /* LaunchScreen.xib */,
				EC55F1F51BA98B5D006C987C /* Supporting Files */,
			);
			path = PublishingTestApp;
			sourceTree = "<group>";
		};
		EC55F1F51BA98B5D006C987C /* Supporting Files */ = {
			isa = PBXGroup;
			children = (
				EC55F1F61BA98B5D006C987C /* PublishingTestApp.plist */,
				EC55F1F71BA98B5D006C987C /* main.m */,
			);
			name = "Supporting Files";
			sourceTree = "<group>";
		};
/* End PBXGroup section */

/* Begin PBXNativeTarget section */
		EC55F1F11BA98B5D006C987C /* publishingTestApp */ = {
			isa = PBXNativeTarget;
			buildConfigurationList = EC55F2151BA98B5D006C987C /* Build configuration list for PBXNativeTarget "publishingTestApp" */;
			buildPhases = (
				3855BDA71C5E2C4000E2992C /* Copy Target Files */,
				9AB17039169AE66E9019DBB0 /* Check Pods Manifest.lock */,
				EC55F1EE1BA98B5D006C987C /* Sources */,
				EC55F1EF1BA98B5D006C987C /* Frameworks */,
				EC55F1F01BA98B5D006C987C /* Resources */,
				8FF5CC240DE04BAE1705F65A /* Copy Pods Resources */,
				A8ED0D37EAB520AA5B5EB238 /* Embed Pods Frameworks */,
			);
			buildRules = (
			);
			dependencies = (
			);
			name = publishingTestApp;
			productName = PublishingTestApp;
			productReference = EC55F1F21BA98B5D006C987C /* Test1.app */;
			productType = "com.apple.product-type.application";
		};
/* End PBXNativeTarget section */

/* Begin PBXProject section */
		EC55F1EA1BA98B5D006C987C /* Project object */ = {
			isa = PBXProject;
			attributes = {
				LastUpgradeCheck = 0640;
				ORGANIZATIONNAME = "Pavel Yankelevich";
				TargetAttributes = {
					EC55F1F11BA98B5D006C987C = {
						CreatedOnToolsVersion = 6.4;
						DevelopmentTeam = P2WQ65BAA8;
					};
				};
			};
			buildConfigurationList = EC55F1ED1BA98B5D006C987C /* Build configuration list for PBXProject "PublishingTestApp" */;
			compatibilityVersion = "Xcode 3.2";
			developmentRegion = English;
			hasScannedForEncodings = 0;
			knownRegions = (
				en,
				Base,
			);
			mainGroup = EC55F1E91BA98B5D006C987C;
			productRefGroup = EC55F1F31BA98B5D006C987C /* Products */;
			projectDirPath = "";
			projectRoot = "";
			targets = (
				EC55F1F11BA98B5D006C987C /* publishingTestApp */,
			);
		};
/* End PBXProject section */

/* Begin PBXResourcesBuildPhase section */
		EC55F1F01BA98B5D006C987C /* Resources */ = {
			isa = PBXResourcesBuildPhase;
			buildActionMask = 2147483647;
			files = (
				3855BDA81C5E2C7C00E2992C /* shutdown.png in Resources */,
				EC55F2011BA98B5D006C987C /* Main.storyboard in Resources */,
				EC4561BF1BC91C6F0070B0CC /* Default-568h.png in Resources */,
				EC4561A81BC90F3D0070B0CC /* app-120.png in Resources */,
				EC55F2061BA98B5D006C987C /* LaunchScreen.xib in Resources */,
				EC4561AA1BC90F3D0070B0CC /* app@2x.png in Resources */,
				EC4561A91BC90F3D0070B0CC /* app.png in Resources */,
			);
			runOnlyForDeploymentPostprocessing = 0;
		};
/* End PBXResourcesBuildPhase section */

/* Begin PBXShellScriptBuildPhase section */
		3855BDA71C5E2C4000E2992C /* Copy Target Files */ = {
			isa = PBXShellScriptBuildPhase;
			buildActionMask = 2147483647;
			files = (
			);
			inputPaths = (
			);
			name = "Copy Target Files";
			outputPaths = (
			);
			runOnlyForDeploymentPostprocessing = 0;
			shellPath = /bin/sh;
			shellScript = "echo $TARGET_NAME";
		};
		8FF5CC240DE04BAE1705F65A /* Copy Pods Resources */ = {
			isa = PBXShellScriptBuildPhase;
			buildActionMask = 2147483647;
			files = (
			);
			inputPaths = (
			);
			name = "Copy Pods Resources";
			outputPaths = (
			);
			runOnlyForDeploymentPostprocessing = 0;
			shellPath = /bin/sh;
			shellScript = "\"${SRCROOT}/Pods/Target Support Files/Pods/Pods-resources.sh\"\n";
			showEnvVarsInLog = 0;
		};
		9AB17039169AE66E9019DBB0 /* Check Pods Manifest.lock */ = {
			isa = PBXShellScriptBuildPhase;
			buildActionMask = 2147483647;
			files = (
			);
			inputPaths = (
			);
			name = "Check Pods Manifest.lock";
			outputPaths = (
			);
			runOnlyForDeploymentPostprocessing = 0;
			shellPath = /bin/sh;
			shellScript = "diff \"${PODS_ROOT}/../Podfile.lock\" \"${PODS_ROOT}/Manifest.lock\" > /dev/null\nif [[ $? != 0 ]] ; then\n    cat << EOM\nerror: The sandbox is not in sync with the Podfile.lock. Run 'pod install' or update your CocoaPods installation.\nEOM\n    exit 1\nfi\n";
			showEnvVarsInLog = 0;
		};
		A8ED0D37EAB520AA5B5EB238 /* Embed Pods Frameworks */ = {
			isa = PBXShellScriptBuildPhase;
			buildActionMask = 2147483647;
			files = (
			);
			inputPaths = (
			);
			name = "Embed Pods Frameworks";
			outputPaths = (
			);
			runOnlyForDeploymentPostprocessing = 0;
			shellPath = /bin/sh;
			shellScript = "\"${SRCROOT}/Pods/Target Support Files/Pods/Pods-frameworks.sh\"\n";
			showEnvVarsInLog = 0;
		};
/* End PBXShellScriptBuildPhase section */

/* Begin PBXSourcesBuildPhase section */
		EC55F1EE1BA98B5D006C987C /* Sources */ = {
			isa = PBXSourcesBuildPhase;
			buildActionMask = 2147483647;
			files = (
				EC55F1FE1BA98B5D006C987C /* ViewController.m in Sources */,
				EC55F1FB1BA98B5D006C987C /* AppDelegate.m in Sources */,
				EC55F1F81BA98B5D006C987C /* main.m in Sources */,
			);
			runOnlyForDeploymentPostprocessing = 0;
		};
/* End PBXSourcesBuildPhase section */

/* Begin PBXVariantGroup section */
		EC55F1FF1BA98B5D006C987C /* Main.storyboard */ = {
			isa = PBXVariantGroup;
			children = (
				EC55F2001BA98B5D006C987C /* Base */,
			);
			name = Main.storyboard;
			sourceTree = "<group>";
		};
		EC55F2041BA98B5D006C987C /* LaunchScreen.xib */ = {
			isa = PBXVariantGroup;
			children = (
				EC55F2051BA98B5D006C987C /* Base */,
			);
			name = LaunchScreen.xib;
			sourceTree = "<group>";
		};
/* End PBXVariantGroup section */

/* Begin XCBuildConfiguration section */
		EC55F2131BA98B5D006C987C /* Debug */ = {
			isa = XCBuildConfiguration;
			buildSettings = {
				ALWAYS_SEARCH_USER_PATHS = NO;
				CLANG_CXX_LANGUAGE_STANDARD = "gnu++0x";
				CLANG_CXX_LIBRARY = "libc++";
				CLANG_ENABLE_MODULES = YES;
				CLANG_ENABLE_OBJC_ARC = YES;
				CLANG_WARN_BOOL_CONVERSION = YES;
				CLANG_WARN_CONSTANT_CONVERSION = YES;
				CLANG_WARN_DIRECT_OBJC_ISA_USAGE = YES_ERROR;
				CLANG_WARN_EMPTY_BODY = YES;
				CLANG_WARN_ENUM_CONVERSION = YES;
				CLANG_WARN_INT_CONVERSION = YES;
				CLANG_WARN_OBJC_ROOT_CLASS = YES_ERROR;
				CLANG_WARN_UNREACHABLE_CODE = YES;
				CLANG_WARN__DUPLICATE_METHOD_MATCH = YES;
				"CODE_SIGN_IDENTITY[sdk=iphoneos*]" = "";
				COPY_PHASE_STRIP = NO;
				DEBUG_INFORMATION_FORMAT = "dwarf-with-dsym";
				ENABLE_STRICT_OBJC_MSGSEND = YES;
				GCC_C_LANGUAGE_STANDARD = gnu99;
				GCC_DYNAMIC_NO_PIC = NO;
				GCC_NO_COMMON_BLOCKS = YES;
				GCC_OPTIMIZATION_LEVEL = 0;
				GCC_PREPROCESSOR_DEFINITIONS = (
					"DEBUG=1",
					"$(inherited)",
				);
				GCC_SYMBOLS_PRIVATE_EXTERN = NO;
				GCC_WARN_64_TO_32_BIT_CONVERSION = YES;
				GCC_WARN_ABOUT_RETURN_TYPE = YES_ERROR;
				GCC_WARN_UNDECLARED_SELECTOR = YES;
				GCC_WARN_UNINITIALIZED_AUTOS = YES_AGGRESSIVE;
				GCC_WARN_UNUSED_FUNCTION = YES;
				GCC_WARN_UNUSED_VARIABLE = YES;
				IPHONEOS_DEPLOYMENT_TARGET = 7.1;
				MTL_ENABLE_DEBUG_INFO = YES;
				ONLY_ACTIVE_ARCH = YES;
				SDKROOT = iphoneos;
				VALID_ARCHS = "arm64 armv7 armv7s i386";
			};
			name = Debug;
		};
		EC55F2141BA98B5D006C987C /* Release */ = {
			isa = XCBuildConfiguration;
			buildSettings = {
				ALWAYS_SEARCH_USER_PATHS = NO;
				CLANG_CXX_LANGUAGE_STANDARD = "gnu++0x";
				CLANG_CXX_LIBRARY = "libc++";
				CLANG_ENABLE_MODULES = YES;
				CLANG_ENABLE_OBJC_ARC = YES;
				CLANG_WARN_BOOL_CONVERSION = YES;
				CLANG_WARN_CONSTANT_CONVERSION = YES;
				CLANG_WARN_DIRECT_OBJC_ISA_USAGE = YES_ERROR;
				CLANG_WARN_EMPTY_BODY = YES;
				CLANG_WARN_ENUM_CONVERSION = YES;
				CLANG_WARN_INT_CONVERSION = YES;
				CLANG_WARN_OBJC_ROOT_CLASS = YES_ERROR;
				CLANG_WARN_UNREACHABLE_CODE = YES;
				CLANG_WARN__DUPLICATE_METHOD_MATCH = YES;
				"CODE_SIGN_IDENTITY[sdk=iphoneos*]" = "";
				COPY_PHASE_STRIP = NO;
				DEBUG_INFORMATION_FORMAT = "dwarf-with-dsym";
				ENABLE_NS_ASSERTIONS = NO;
				ENABLE_STRICT_OBJC_MSGSEND = YES;
				GCC_C_LANGUAGE_STANDARD = gnu99;
				GCC_NO_COMMON_BLOCKS = YES;
				GCC_WARN_64_TO_32_BIT_CONVERSION = YES;
				GCC_WARN_ABOUT_RETURN_TYPE = YES_ERROR;
				GCC_WARN_UNDECLARED_SELECTOR = YES;
				GCC_WARN_UNINITIALIZED_AUTOS = YES_AGGRESSIVE;
				GCC_WARN_UNUSED_FUNCTION = YES;
				GCC_WARN_UNUSED_VARIABLE = YES;
				IPHONEOS_DEPLOYMENT_TARGET = 7.1;
				MTL_ENABLE_DEBUG_INFO = NO;
				SDKROOT = iphoneos;
				VALIDATE_PRODUCT = YES;
				VALID_ARCHS = "arm64 armv7 armv7s i386";
			};
			name = Release;
		};
		EC55F2161BA98B5D006C987C /* Debug */ = {
			isa = XCBuildConfiguration;
			baseConfigurationReference = 94B124F8F69F2A22737CB121 /* Pods.debug.xcconfig */;
			buildSettings = {
				CODE_SIGN_IDENTITY = "iPhone Distribution: Mobitti Ltd. (P2WQ65BAA8)";
				INFOPLIST_FILE = "$(SRCROOT)/PublishingTestApp/PublishingTestApp.plist";
				LD_RUNPATH_SEARCH_PATHS = "$(inherited) @executable_path/Frameworks";
				PRODUCT_BUNDLE_IDENTIFIER = PY.testSpaceshipApp;
				PRODUCT_NAME = "New Target";
				PROVISIONING_PROFILE = "aacd4ab6-c32e-4e96-a66f-e73ad414fb66";
			};
			name = Debug;
		};
		EC55F2171BA98B5D006C987C /* Release */ = {
			isa = XCBuildConfiguration;
			baseConfigurationReference = CF15EB93E4252FF570A3A0B0 /* Pods.release.xcconfig */;
			buildSettings = {
				CODE_SIGN_IDENTITY = "iPhone Distribution: Mobitti Ltd. (P2WQ65BAA8)";
				INFOPLIST_FILE = "$(SRCROOT)/PublishingTestApp/PublishingTestApp.plist";
				LD_RUNPATH_SEARCH_PATHS = "$(inherited) @executable_path/Frameworks";
				PRODUCT_BUNDLE_IDENTIFIER = PY.testSpaceshipApp;
				PRODUCT_NAME = "New Target";
				PROVISIONING_PROFILE = "aacd4ab6-c32e-4e96-a66f-e73ad414fb66";
			};
			name = Release;
		};
/* End XCBuildConfiguration section */

/* Begin XCConfigurationList section */
		EC55F1ED1BA98B5D006C987C /* Build configuration list for PBXProject "PublishingTestApp" */ = {
			isa = XCConfigurationList;
			buildConfigurations = (
				EC55F2131BA98B5D006C987C /* Debug */,
				EC55F2141BA98B5D006C987C /* Release */,
			);
			defaultConfigurationIsVisible = 0;
			defaultConfigurationName = Release;
		};
		EC55F2151BA98B5D006C987C /* Build configuration list for PBXNativeTarget "publishingTestApp" */ = {
			isa = XCConfigurationList;
			buildConfigurations = (
				EC55F2161BA98B5D006C987C /* Debug */,
				EC55F2171BA98B5D006C987C /* Release */,
			);
			defaultConfigurationIsVisible = 0;
			defaultConfigurationName = Release;
		};
/* End XCConfigurationList section */
	};
	rootObject = EC55F1EA1BA98B5D006C987C /* Project object */;
}
